Microsoft Visual Studio Solution File, Format Version 12.00
# Visual Studio Version 17
VisualStudioVersion = 17.1.32414.318
MinimumVisualStudioVersion = 10.0.40219.1
Project("{FAE04EC0-301F-11D3-BF4B-00C04F79EFBC}") = "MiBocata.Businnes.UWP", "MiBocata.Businnes\MiBocata.Businnes.UWP\MiBocata.Businnes.UWP.csproj", "{418405A2-7180-4632-8A46-2ACF96822CBE}"
	ProjectSection(ProjectDependencies) = postProject
		{A3C5D5DD-EA23-46E2-AC28-559A26F0204A} = {A3C5D5DD-EA23-46E2-AC28-559A26F0204A}
	EndProjectSection
EndProject
Project("{FAE04EC0-301F-11D3-BF4B-00C04F79EFBC}") = "MiBocata.Businnes.Android", "MiBocata.Businnes\MiBocata.Businnes.Android\MiBocata.Businnes.Android.csproj", "{148C21F4-A81D-4C33-B1BD-23C083F69E40}"
	ProjectSection(ProjectDependencies) = postProject
		{A3C5D5DD-EA23-46E2-AC28-559A26F0204A} = {A3C5D5DD-EA23-46E2-AC28-559A26F0204A}
	EndProjectSection
EndProject
Project("{FAE04EC0-301F-11D3-BF4B-00C04F79EFBC}") = "MiBocata.Businnes.iOS", "MiBocata.Businnes\MiBocata.Businnes.iOS\MiBocata.Businnes.iOS.csproj", "{978EE3F1-138C-4184-AD05-CE49167B4846}"
EndProject
Project("{9A19103F-16F7-4668-BE54-9A1E7A4F7556}") = "MiBocata.Businnes", "MiBocata.Businnes\MiBocata.Businnes\MiBocata.Businnes.csproj", "{A3C5D5DD-EA23-46E2-AC28-559A26F0204A}"
	ProjectSection(ProjectDependencies) = postProject
		{C389E558-B2B5-4B10-87A0-A4F0B461F7B8} = {C389E558-B2B5-4B10-87A0-A4F0B461F7B8}
		{9EBD9495-1BE0-4B80-B593-7ED7E66B0C38} = {9EBD9495-1BE0-4B80-B593-7ED7E66B0C38}
	EndProjectSection
EndProject
Project("{9A19103F-16F7-4668-BE54-9A1E7A4F7556}") = "Models", "..\Commons\Models\Models.csproj", "{C389E558-B2B5-4B10-87A0-A4F0B461F7B8}"
EndProject
Project("{9A19103F-16F7-4668-BE54-9A1E7A4F7556}") = "AzureStorageManager", "..\Commons\AzureStorageManager\AzureStorageManager.csproj", "{9EBD9495-1BE0-4B80-B593-7ED7E66B0C38}"
EndProject
Project("{9A19103F-16F7-4668-BE54-9A1E7A4F7556}") = "Mibocata.Core", "..\Commons\Mibocata.Core\Mibocata.Core.csproj", "{E98153DE-E969-4498-BCC3-18EDBE0C49E3}"
EndProject
Global
	GlobalSection(SolutionConfigurationPlatforms) = preSolution
		Debug|Any CPU = Debug|Any CPU
		Debug|ARM = Debug|ARM
		Debug|iPhone = Debug|iPhone
		Debug|iPhoneSimulator = Debug|iPhoneSimulator
		Debug|x64 = Debug|x64
		Debug|x86 = Debug|x86
		Release|Any CPU = Release|Any CPU
		Release|ARM = Release|ARM
		Release|iPhone = Release|iPhone
		Release|iPhoneSimulator = Release|iPhoneSimulator
		Release|x64 = Release|x64
		Release|x86 = Release|x86
	EndGlobalSection
	GlobalSection(ProjectConfigurationPlatforms) = postSolution
		{418405A2-7180-4632-8A46-2ACF96822CBE}.Debug|Any CPU.ActiveCfg = Debug|x86
		{418405A2-7180-4632-8A46-2ACF96822CBE}.Debug|Any CPU.Build.0 = Debug|x86
		{418405A2-7180-4632-8A46-2ACF96822CBE}.Debug|Any CPU.Deploy.0 = Debug|x86
		{418405A2-7180-4632-8A46-2ACF96822CBE}.Debug|ARM.ActiveCfg = Debug|ARM
		{418405A2-7180-4632-8A46-2ACF96822CBE}.Debug|ARM.Build.0 = Debug|ARM
		{418405A2-7180-4632-8A46-2ACF96822CBE}.Debug|ARM.Deploy.0 = Debug|ARM
		{418405A2-7180-4632-8A46-2ACF96822CBE}.Debug|iPhone.ActiveCfg = Debug|x86
		{418405A2-7180-4632-8A46-2ACF96822CBE}.Debug|iPhone.Build.0 = Debug|x86
		{418405A2-7180-4632-8A46-2ACF96822CBE}.Debug|iPhone.Deploy.0 = Debug|x86
		{418405A2-7180-4632-8A46-2ACF96822CBE}.Debug|iPhoneSimulator.ActiveCfg = Debug|x86
		{418405A2-7180-4632-8A46-2ACF96822CBE}.Debug|iPhoneSimulator.Build.0 = Debug|x86
		{418405A2-7180-4632-8A46-2ACF96822CBE}.Debug|iPhoneSimulator.Deploy.0 = Debug|x86
		{418405A2-7180-4632-8A46-2ACF96822CBE}.Debug|x64.ActiveCfg = Debug|x64
		{418405A2-7180-4632-8A46-2ACF96822CBE}.Debug|x64.Build.0 = Debug|x64
		{418405A2-7180-4632-8A46-2ACF96822CBE}.Debug|x64.Deploy.0 = Debug|x64
		{418405A2-7180-4632-8A46-2ACF96822CBE}.Debug|x86.ActiveCfg = Debug|x86
		{418405A2-7180-4632-8A46-2ACF96822CBE}.Debug|x86.Build.0 = Debug|x86
		{418405A2-7180-4632-8A46-2ACF96822CBE}.Debug|x86.Deploy.0 = Debug|x86
		{418405A2-7180-4632-8A46-2ACF96822CBE}.Release|Any CPU.ActiveCfg = Release|x86
		{418405A2-7180-4632-8A46-2ACF96822CBE}.Release|Any CPU.Build.0 = Release|x86
		{418405A2-7180-4632-8A46-2ACF96822CBE}.Release|Any CPU.Deploy.0 = Release|x86
		{418405A2-7180-4632-8A46-2ACF96822CBE}.Release|ARM.ActiveCfg = Release|ARM
		{418405A2-7180-4632-8A46-2ACF96822CBE}.Release|ARM.Build.0 = Release|ARM
		{418405A2-7180-4632-8A46-2ACF96822CBE}.Release|ARM.Deploy.0 = Release|ARM
		{418405A2-7180-4632-8A46-2ACF96822CBE}.Release|iPhone.ActiveCfg = Release|x86
		{418405A2-7180-4632-8A46-2ACF96822CBE}.Release|iPhone.Build.0 = Release|x86
		{418405A2-7180-4632-8A46-2ACF96822CBE}.Release|iPhone.Deploy.0 = Release|x86
		{418405A2-7180-4632-8A46-2ACF96822CBE}.Release|iPhoneSimulator.ActiveCfg = Release|x86
		{418405A2-7180-4632-8A46-2ACF96822CBE}.Release|iPhoneSimulator.Build.0 = Release|x86
		{418405A2-7180-4632-8A46-2ACF96822CBE}.Release|iPhoneSimulator.Deploy.0 = Release|x86
		{418405A2-7180-4632-8A46-2ACF96822CBE}.Release|x64.ActiveCfg = Release|x64
		{418405A2-7180-4632-8A46-2ACF96822CBE}.Release|x64.Build.0 = Release|x64
		{418405A2-7180-4632-8A46-2ACF96822CBE}.Release|x64.Deploy.0 = Release|x64
		{418405A2-7180-4632-8A46-2ACF96822CBE}.Release|x86.ActiveCfg = Release|x86
		{418405A2-7180-4632-8A46-2ACF96822CBE}.Release|x86.Build.0 = Release|x86
		{418405A2-7180-4632-8A46-2ACF96822CBE}.Release|x86.Deploy.0 = Release|x86
		{148C21F4-A81D-4C33-B1BD-23C083F69E40}.Debug|Any CPU.ActiveCfg = Debug|Any CPU
		{148C21F4-A81D-4C33-B1BD-23C083F69E40}.Debug|Any CPU.Build.0 = Debug|Any CPU
		{148C21F4-A81D-4C33-B1BD-23C083F69E40}.Debug|Any CPU.Deploy.0 = Debug|Any CPU
		{148C21F4-A81D-4C33-B1BD-23C083F69E40}.Debug|ARM.ActiveCfg = Debug|Any CPU
		{148C21F4-A81D-4C33-B1BD-23C083F69E40}.Debug|ARM.Build.0 = Debug|Any CPU
		{148C21F4-A81D-4C33-B1BD-23C083F69E40}.Debug|ARM.Deploy.0 = Debug|Any CPU
		{148C21F4-A81D-4C33-B1BD-23C083F69E40}.Debug|iPhone.ActiveCfg = Debug|Any CPU
		{148C21F4-A81D-4C33-B1BD-23C083F69E40}.Debug|iPhone.Build.0 = Debug|Any CPU
		{148C21F4-A81D-4C33-B1BD-23C083F69E40}.Debug|iPhone.Deploy.0 = Debug|Any CPU
		{148C21F4-A81D-4C33-B1BD-23C083F69E40}.Debug|iPhoneSimulator.ActiveCfg = Debug|Any CPU
		{148C21F4-A81D-4C33-B1BD-23C083F69E40}.Debug|iPhoneSimulator.Build.0 = Debug|Any CPU
		{148C21F4-A81D-4C33-B1BD-23C083F69E40}.Debug|iPhoneSimulator.Deploy.0 = Debug|Any CPU
		{148C21F4-A81D-4C33-B1BD-23C083F69E40}.Debug|x64.ActiveCfg = Debug|Any CPU
		{148C21F4-A81D-4C33-B1BD-23C083F69E40}.Debug|x64.Build.0 = Debug|Any CPU
		{148C21F4-A81D-4C33-B1BD-23C083F69E40}.Debug|x64.Deploy.0 = Debug|Any CPU
		{148C21F4-A81D-4C33-B1BD-23C083F69E40}.Debug|x86.ActiveCfg = Debug|Any CPU
		{148C21F4-A81D-4C33-B1BD-23C083F69E40}.Debug|x86.Build.0 = Debug|Any CPU
		{148C21F4-A81D-4C33-B1BD-23C083F69E40}.Debug|x86.Deploy.0 = Debug|Any CPU
		{148C21F4-A81D-4C33-B1BD-23C083F69E40}.Release|Any CPU.ActiveCfg = Release|Any CPU
		{148C21F4-A81D-4C33-B1BD-23C083F69E40}.Release|Any CPU.Build.0 = Release|Any CPU
		{148C21F4-A81D-4C33-B1BD-23C083F69E40}.Release|Any CPU.Deploy.0 = Release|Any CPU
		{148C21F4-A81D-4C33-B1BD-23C083F69E40}.Release|ARM.ActiveCfg = Release|Any CPU
		{148C21F4-A81D-4C33-B1BD-23C083F69E40}.Release|ARM.Build.0 = Release|Any CPU
		{148C21F4-A81D-4C33-B1BD-23C083F69E40}.Release|ARM.Deploy.0 = Release|Any CPU
		{148C21F4-A81D-4C33-B1BD-23C083F69E40}.Release|iPhone.ActiveCfg = Release|Any CPU
		{148C21F4-A81D-4C33-B1BD-23C083F69E40}.Release|iPhone.Build.0 = Release|Any CPU
		{148C21F4-A81D-4C33-B1BD-23C083F69E40}.Release|iPhone.Deploy.0 = Release|Any CPU
		{148C21F4-A81D-4C33-B1BD-23C083F69E40}.Release|iPhoneSimulator.ActiveCfg = Release|Any CPU
		{148C21F4-A81D-4C33-B1BD-23C083F69E40}.Release|iPhoneSimulator.Build.0 = Release|Any CPU
		{148C21F4-A81D-4C33-B1BD-23C083F69E40}.Release|iPhoneSimulator.Deploy.0 = Release|Any CPU
		{148C21F4-A81D-4C33-B1BD-23C083F69E40}.Release|x64.ActiveCfg = Release|Any CPU
		{148C21F4-A81D-4C33-B1BD-23C083F69E40}.Release|x64.Build.0 = Release|Any CPU
		{148C21F4-A81D-4C33-B1BD-23C083F69E40}.Release|x64.Deploy.0 = Release|Any CPU
		{148C21F4-A81D-4C33-B1BD-23C083F69E40}.Release|x86.ActiveCfg = Release|Any CPU
		{148C21F4-A81D-4C33-B1BD-23C083F69E40}.Release|x86.Build.0 = Release|Any CPU
		{148C21F4-A81D-4C33-B1BD-23C083F69E40}.Release|x86.Deploy.0 = Release|Any CPU
		{978EE3F1-138C-4184-AD05-CE49167B4846}.Debug|Any CPU.ActiveCfg = Debug|iPhone
		{978EE3F1-138C-4184-AD05-CE49167B4846}.Debug|Any CPU.Build.0 = Debug|iPhone
		{978EE3F1-138C-4184-AD05-CE49167B4846}.Debug|Any CPU.Deploy.0 = Debug|iPhone
		{978EE3F1-138C-4184-AD05-CE49167B4846}.Debug|ARM.ActiveCfg = Debug|iPhoneSimulator
		{978EE3F1-138C-4184-AD05-CE49167B4846}.Debug|ARM.Build.0 = Debug|iPhoneSimulator
		{978EE3F1-138C-4184-AD05-CE49167B4846}.Debug|ARM.Deploy.0 = Debug|iPhoneSimulator
		{978EE3F1-138C-4184-AD05-CE49167B4846}.Debug|iPhone.ActiveCfg = Debug|iPhone
		{978EE3F1-138C-4184-AD05-CE49167B4846}.Debug|iPhone.Build.0 = Debug|iPhone
		{978EE3F1-138C-4184-AD05-CE49167B4846}.Debug|iPhone.Deploy.0 = Debug|iPhone
		{978EE3F1-138C-4184-AD05-CE49167B4846}.Debug|iPhoneSimulator.ActiveCfg = Debug|iPhoneSimulator
		{978EE3F1-138C-4184-AD05-CE49167B4846}.Debug|iPhoneSimulator.Build.0 = Debug|iPhoneSimulator
		{978EE3F1-138C-4184-AD05-CE49167B4846}.Debug|iPhoneSimulator.Deploy.0 = Debug|iPhoneSimulator
		{978EE3F1-138C-4184-AD05-CE49167B4846}.Debug|x64.ActiveCfg = Debug|iPhone
		{978EE3F1-138C-4184-AD05-CE49167B4846}.Debug|x64.Build.0 = Debug|iPhone
		{978EE3F1-138C-4184-AD05-CE49167B4846}.Debug|x64.Deploy.0 = Debug|iPhone
		{978EE3F1-138C-4184-AD05-CE49167B4846}.Debug|x86.ActiveCfg = Debug|iPhone
		{978EE3F1-138C-4184-AD05-CE49167B4846}.Debug|x86.Build.0 = Debug|iPhone
		{978EE3F1-138C-4184-AD05-CE49167B4846}.Debug|x86.Deploy.0 = Debug|iPhone
		{978EE3F1-138C-4184-AD05-CE49167B4846}.Release|Any CPU.ActiveCfg = Release|iPhone
		{978EE3F1-138C-4184-AD05-CE49167B4846}.Release|Any CPU.Build.0 = Release|iPhone
		{978EE3F1-138C-4184-AD05-CE49167B4846}.Release|Any CPU.Deploy.0 = Release|iPhone
		{978EE3F1-138C-4184-AD05-CE49167B4846}.Release|ARM.ActiveCfg = Release|iPhone
		{978EE3F1-138C-4184-AD05-CE49167B4846}.Release|ARM.Build.0 = Release|iPhone
		{978EE3F1-138C-4184-AD05-CE49167B4846}.Release|ARM.Deploy.0 = Release|iPhone
		{978EE3F1-138C-4184-AD05-CE49167B4846}.Release|iPhone.ActiveCfg = Release|iPhone
		{978EE3F1-138C-4184-AD05-CE49167B4846}.Release|iPhone.Build.0 = Release|iPhone
		{978EE3F1-138C-4184-AD05-CE49167B4846}.Release|iPhone.Deploy.0 = Release|iPhone
		{978EE3F1-138C-4184-AD05-CE49167B4846}.Release|iPhoneSimulator.ActiveCfg = Release|iPhoneSimulator
		{978EE3F1-138C-4184-AD05-CE49167B4846}.Release|iPhoneSimulator.Build.0 = Release|iPhoneSimulator
		{978EE3F1-138C-4184-AD05-CE49167B4846}.Release|iPhoneSimulator.Deploy.0 = Release|iPhoneSimulator
		{978EE3F1-138C-4184-AD05-CE49167B4846}.Release|x64.ActiveCfg = Release|iPhone
		{978EE3F1-138C-4184-AD05-CE49167B4846}.Release|x64.Build.0 = Release|iPhone
		{978EE3F1-138C-4184-AD05-CE49167B4846}.Release|x64.Deploy.0 = Release|iPhone
		{978EE3F1-138C-4184-AD05-CE49167B4846}.Release|x86.ActiveCfg = Release|iPhone
		{978EE3F1-138C-4184-AD05-CE49167B4846}.Release|x86.Build.0 = Release|iPhone
		{978EE3F1-138C-4184-AD05-CE49167B4846}.Release|x86.Deploy.0 = Release|iPhone
		{A3C5D5DD-EA23-46E2-AC28-559A26F0204A}.Debug|Any CPU.ActiveCfg = Debug|Any CPU
		{A3C5D5DD-EA23-46E2-AC28-559A26F0204A}.Debug|Any CPU.Build.0 = Debug|Any CPU
		{A3C5D5DD-EA23-46E2-AC28-559A26F0204A}.Debug|ARM.ActiveCfg = Debug|Any CPU
		{A3C5D5DD-EA23-46E2-AC28-559A26F0204A}.Debug|ARM.Build.0 = Debug|Any CPU
		{A3C5D5DD-EA23-46E2-AC28-559A26F0204A}.Debug|iPhone.ActiveCfg = Debug|Any CPU
		{A3C5D5DD-EA23-46E2-AC28-559A26F0204A}.Debug|iPhone.Build.0 = Debug|Any CPU
		{A3C5D5DD-EA23-46E2-AC28-559A26F0204A}.Debug|iPhoneSimulator.ActiveCfg = Debug|Any CPU
		{A3C5D5DD-EA23-46E2-AC28-559A26F0204A}.Debug|iPhoneSimulator.Build.0 = Debug|Any CPU
		{A3C5D5DD-EA23-46E2-AC28-559A26F0204A}.Debug|x64.ActiveCfg = Debug|Any CPU
		{A3C5D5DD-EA23-46E2-AC28-559A26F0204A}.Debug|x64.Build.0 = Debug|Any CPU
		{A3C5D5DD-EA23-46E2-AC28-559A26F0204A}.Debug|x86.ActiveCfg = Debug|Any CPU
		{A3C5D5DD-EA23-46E2-AC28-559A26F0204A}.Debug|x86.Build.0 = Debug|Any CPU
		{A3C5D5DD-EA23-46E2-AC28-559A26F0204A}.Release|Any CPU.ActiveCfg = Release|Any CPU
		{A3C5D5DD-EA23-46E2-AC28-559A26F0204A}.Release|Any CPU.Build.0 = Release|Any CPU
		{A3C5D5DD-EA23-46E2-AC28-559A26F0204A}.Release|ARM.ActiveCfg = Release|Any CPU
		{A3C5D5DD-EA23-46E2-AC28-559A26F0204A}.Release|ARM.Build.0 = Release|Any CPU
		{A3C5D5DD-EA23-46E2-AC28-559A26F0204A}.Release|iPhone.ActiveCfg = Release|Any CPU
		{A3C5D5DD-EA23-46E2-AC28-559A26F0204A}.Release|iPhone.Build.0 = Release|Any CPU
		{A3C5D5DD-EA23-46E2-AC28-559A26F0204A}.Release|iPhoneSimulator.ActiveCfg = Release|Any CPU
		{A3C5D5DD-EA23-46E2-AC28-559A26F0204A}.Release|iPhoneSimulator.Build.0 = Release|Any CPU
		{A3C5D5DD-EA23-46E2-AC28-559A26F0204A}.Release|x64.ActiveCfg = Release|Any CPU
		{A3C5D5DD-EA23-46E2-AC28-559A26F0204A}.Release|x64.Build.0 = Release|Any CPU
		{A3C5D5DD-EA23-46E2-AC28-559A26F0204A}.Release|x86.ActiveCfg = Release|Any CPU
		{A3C5D5DD-EA23-46E2-AC28-559A26F0204A}.Release|x86.Build.0 = Release|Any CPU
		{C389E558-B2B5-4B10-87A0-A4F0B461F7B8}.Debug|Any CPU.ActiveCfg = Debug|Any CPU
		{C389E558-B2B5-4B10-87A0-A4F0B461F7B8}.Debug|Any CPU.Build.0 = Debug|Any CPU
		{C389E558-B2B5-4B10-87A0-A4F0B461F7B8}.Debug|ARM.ActiveCfg = Debug|Any CPU
		{C389E558-B2B5-4B10-87A0-A4F0B461F7B8}.Debug|ARM.Build.0 = Debug|Any CPU
		{C389E558-B2B5-4B10-87A0-A4F0B461F7B8}.Debug|iPhone.ActiveCfg = Debug|Any CPU
		{C389E558-B2B5-4B10-87A0-A4F0B461F7B8}.Debug|iPhone.Build.0 = Debug|Any CPU
		{C389E558-B2B5-4B10-87A0-A4F0B461F7B8}.Debug|iPhoneSimulator.ActiveCfg = Debug|Any CPU
		{C389E558-B2B5-4B10-87A0-A4F0B461F7B8}.Debug|iPhoneSimulator.Build.0 = Debug|Any CPU
		{C389E558-B2B5-4B10-87A0-A4F0B461F7B8}.Debug|x64.ActiveCfg = Debug|Any CPU
		{C389E558-B2B5-4B10-87A0-A4F0B461F7B8}.Debug|x64.Build.0 = Debug|Any CPU
		{C389E558-B2B5-4B10-87A0-A4F0B461F7B8}.Debug|x86.ActiveCfg = Debug|Any CPU
		{C389E558-B2B5-4B10-87A0-A4F0B461F7B8}.Debug|x86.Build.0 = Debug|Any CPU
		{C389E558-B2B5-4B10-87A0-A4F0B461F7B8}.Release|Any CPU.ActiveCfg = Release|Any CPU
		{C389E558-B2B5-4B10-87A0-A4F0B461F7B8}.Release|Any CPU.Build.0 = Release|Any CPU
		{C389E558-B2B5-4B10-87A0-A4F0B461F7B8}.Release|ARM.ActiveCfg = Release|Any CPU
		{C389E558-B2B5-4B10-87A0-A4F0B461F7B8}.Release|ARM.Build.0 = Release|Any CPU
		{C389E558-B2B5-4B10-87A0-A4F0B461F7B8}.Release|iPhone.ActiveCfg = Release|Any CPU
		{C389E558-B2B5-4B10-87A0-A4F0B461F7B8}.Release|iPhone.Build.0 = Release|Any CPU
		{C389E558-B2B5-4B10-87A0-A4F0B461F7B8}.Release|iPhoneSimulator.ActiveCfg = Release|Any CPU
		{C389E558-B2B5-4B10-87A0-A4F0B461F7B8}.Release|iPhoneSimulator.Build.0 = Release|Any CPU
		{C389E558-B2B5-4B10-87A0-A4F0B461F7B8}.Release|x64.ActiveCfg = Release|Any CPU
		{C389E558-B2B5-4B10-87A0-A4F0B461F7B8}.Release|x64.Build.0 = Release|Any CPU
		{C389E558-B2B5-4B10-87A0-A4F0B461F7B8}.Release|x86.ActiveCfg = Release|Any CPU
		{C389E558-B2B5-4B10-87A0-A4F0B461F7B8}.Release|x86.Build.0 = Release|Any CPU
		{9EBD9495-1BE0-4B80-B593-7ED7E66B0C38}.Debug|Any CPU.ActiveCfg = Debug|Any CPU
		{9EBD9495-1BE0-4B80-B593-7ED7E66B0C38}.Debug|Any CPU.Build.0 = Debug|Any CPU
		{9EBD9495-1BE0-4B80-B593-7ED7E66B0C38}.Debug|ARM.ActiveCfg = Debug|Any CPU
		{9EBD9495-1BE0-4B80-B593-7ED7E66B0C38}.Debug|ARM.Build.0 = Debug|Any CPU
		{9EBD9495-1BE0-4B80-B593-7ED7E66B0C38}.Debug|iPhone.ActiveCfg = Debug|Any CPU
		{9EBD9495-1BE0-4B80-B593-7ED7E66B0C38}.Debug|iPhone.Build.0 = Debug|Any CPU
		{9EBD9495-1BE0-4B80-B593-7ED7E66B0C38}.Debug|iPhoneSimulator.ActiveCfg = Debug|Any CPU
		{9EBD9495-1BE0-4B80-B593-7ED7E66B0C38}.Debug|iPhoneSimulator.Build.0 = Debug|Any CPU
		{9EBD9495-1BE0-4B80-B593-7ED7E66B0C38}.Debug|x64.ActiveCfg = Debug|Any CPU
		{9EBD9495-1BE0-4B80-B593-7ED7E66B0C38}.Debug|x64.Build.0 = Debug|Any CPU
		{9EBD9495-1BE0-4B80-B593-7ED7E66B0C38}.Debug|x86.ActiveCfg = Debug|Any CPU
		{9EBD9495-1BE0-4B80-B593-7ED7E66B0C38}.Debug|x86.Build.0 = Debug|Any CPU
		{9EBD9495-1BE0-4B80-B593-7ED7E66B0C38}.Release|Any CPU.ActiveCfg = Release|Any CPU
		{9EBD9495-1BE0-4B80-B593-7ED7E66B0C38}.Release|Any CPU.Build.0 = Release|Any CPU
		{9EBD9495-1BE0-4B80-B593-7ED7E66B0C38}.Release|ARM.ActiveCfg = Release|Any CPU
		{9EBD9495-1BE0-4B80-B593-7ED7E66B0C38}.Release|ARM.Build.0 = Release|Any CPU
		{9EBD9495-1BE0-4B80-B593-7ED7E66B0C38}.Release|iPhone.ActiveCfg = Release|Any CPU
		{9EBD9495-1BE0-4B80-B593-7ED7E66B0C38}.Release|iPhone.Build.0 = Release|Any CPU
		{9EBD9495-1BE0-4B80-B593-7ED7E66B0C38}.Release|iPhoneSimulator.ActiveCfg = Release|Any CPU
		{9EBD9495-1BE0-4B80-B593-7ED7E66B0C38}.Release|iPhoneSimulator.Build.0 = Release|Any CPU
		{9EBD9495-1BE0-4B80-B593-7ED7E66B0C38}.Release|x64.ActiveCfg = Release|Any CPU
		{9EBD9495-1BE0-4B80-B593-7ED7E66B0C38}.Release|x64.Build.0 = Release|Any CPU
		{9EBD9495-1BE0-4B80-B593-7ED7E66B0C38}.Release|x86.ActiveCfg = Release|Any CPU
		{9EBD9495-1BE0-4B80-B593-7ED7E66B0C38}.Release|x86.Build.0 = Release|Any CPU
		{E98153DE-E969-4498-BCC3-18EDBE0C49E3}.Debug|Any CPU.ActiveCfg = Debug|Any CPU
		{E98153DE-E969-4498-BCC3-18EDBE0C49E3}.Debug|Any CPU.Build.0 = Debug|Any CPU
		{E98153DE-E969-4498-BCC3-18EDBE0C49E3}.Debug|ARM.ActiveCfg = Debug|Any CPU
		{E98153DE-E969-4498-BCC3-18EDBE0C49E3}.Debug|ARM.Build.0 = Debug|Any CPU
		{E98153DE-E969-4498-BCC3-18EDBE0C49E3}.Debug|iPhone.ActiveCfg = Debug|Any CPU
		{E98153DE-E969-4498-BCC3-18EDBE0C49E3}.Debug|iPhone.Build.0 = Debug|Any CPU
		{E98153DE-E969-4498-BCC3-18EDBE0C49E3}.Debug|iPhoneSimulator.ActiveCfg = Debug|Any CPU
		{E98153DE-E969-4498-BCC3-18EDBE0C49E3}.Debug|iPhoneSimulator.Build.0 = Debug|Any CPU
		{E98153DE-E969-4498-BCC3-18EDBE0C49E3}.Debug|x64.ActiveCfg = Debug|Any CPU
		{E98153DE-E969-4498-BCC3-18EDBE0C49E3}.Debug|x64.Build.0 = Debug|Any CPU
		{E98153DE-E969-4498-BCC3-18EDBE0C49E3}.Debug|x86.ActiveCfg = Debug|Any CPU
		{E98153DE-E969-4498-BCC3-18EDBE0C49E3}.Debug|x86.Build.0 = Debug|Any CPU
		{E98153DE-E969-4498-BCC3-18EDBE0C49E3}.Release|Any CPU.ActiveCfg = Release|Any CPU
		{E98153DE-E969-4498-BCC3-18EDBE0C49E3}.Release|Any CPU.Build.0 = Release|Any CPU
		{E98153DE-E969-4498-BCC3-18EDBE0C49E3}.Release|ARM.ActiveCfg = Release|Any CPU
		{E98153DE-E969-4498-BCC3-18EDBE0C49E3}.Release|ARM.Build.0 = Release|Any CPU
		{E98153DE-E969-4498-BCC3-18EDBE0C49E3}.Release|iPhone.ActiveCfg = Release|Any CPU
		{E98153DE-E969-4498-BCC3-18EDBE0C49E3}.Release|iPhone.Build.0 = Release|Any CPU
		{E98153DE-E969-4498-BCC3-18EDBE0C49E3}.Release|iPhoneSimulator.ActiveCfg = Release|Any CPU
		{E98153DE-E969-4498-BCC3-18EDBE0C49E3}.Release|iPhoneSimulator.Build.0 = Release|Any CPU
		{E98153DE-E969-4498-BCC3-18EDBE0C49E3}.Release|x64.ActiveCfg = Release|Any CPU
		{E98153DE-E969-4498-BCC3-18EDBE0C49E3}.Release|x64.Build.0 = Release|Any CPU
		{E98153DE-E969-4498-BCC3-18EDBE0C49E3}.Release|x86.ActiveCfg = Release|Any CPU
		{E98153DE-E969-4498-BCC3-18EDBE0C49E3}.Release|x86.Build.0 = Release|Any CPU
	EndGlobalSection
	GlobalSection(SolutionProperties) = preSolution
		HideSolutionNode = FALSE
	EndGlobalSection
	GlobalSection(ExtensibilityGlobals) = postSolution
		SolutionGuid = {7ECD2E9E-BF61-4DE1-BF6F-8C8C18AFA8E3}
	EndGlobalSection
EndGlobal
