Microsoft Visual Studio Solution File, Format Version 12.00
# Visual Studio Version 17
VisualStudioVersion = 17.1.32414.318
MinimumVisualStudioVersion = 10.0.40219.1
Project("{9A19103F-16F7-4668-BE54-9A1E7A4F7556}") = "MiBocata.Businnes", "MiBocata.Businnes.csproj", "{A3C5D5DD-EA23-46E2-AC28-559A26F0204A}"
	ProjectSection(ProjectDependencies) = postProject
		{C389E558-B2B5-4B10-87A0-A4F0B461F7B8} = {C389E558-B2B5-4B10-87A0-A4F0B461F7B8}
	EndProjectSection
EndProject
Project("{9A19103F-16F7-4668-BE54-9A1E7A4F7556}") = "Models", "..\Commons\Models\Models.csproj", "{C389E558-B2B5-4B10-87A0-A4F0B461F7B8}"
EndProject
Project("{9A19103F-16F7-4668-BE54-9A1E7A4F7556}") = "Mibocata.Core", "..\Commons\Mibocata.Core\Mibocata.Core.csproj", "{E98153DE-E969-4498-BCC3-18EDBE0C49E3}"
EndProject
Global
	GlobalSection(SolutionConfigurationPlatforms) = preSolution
		Debug|Any CPU = Debug|Any CPU
		Debug|ARM = Debug|ARM
		Debug|iPhone = Debug|iPhone
		Debug|iPhoneSimulator = Debug|iPhoneSimulator
		Debug|x64 = Debug|x64
		Debug|x86 = Debug|x86
		Release|Any CPU = Release|Any CPU
		Release|ARM = Release|ARM
		Release|iPhone = Release|iPhone
		Release|iPhoneSimulator = Release|iPhoneSimulator
		Release|x64 = Release|x64
		Release|x86 = Release|x86
	EndGlobalSection
	GlobalSection(ProjectConfigurationPlatforms) = postSolution
		{A3C5D5DD-EA23-46E2-AC28-559A26F0204A}.Debug|Any CPU.ActiveCfg = Debug|Any CPU
		{A3C5D5DD-EA23-46E2-AC28-559A26F0204A}.Debug|Any CPU.Build.0 = Debug|Any CPU
		{A3C5D5DD-EA23-46E2-AC28-559A26F0204A}.Debug|Any CPU.Deploy.0 = Debug|Any CPU
		{A3C5D5DD-EA23-46E2-AC28-559A26F0204A}.Debug|ARM.ActiveCfg = Debug|Any CPU
		{A3C5D5DD-EA23-46E2-AC28-559A26F0204A}.Debug|ARM.Build.0 = Debug|Any CPU
		{A3C5D5DD-EA23-46E2-AC28-559A26F0204A}.Debug|iPhone.ActiveCfg = Debug|Any CPU
		{A3C5D5DD-EA23-46E2-AC28-559A26F0204A}.Debug|iPhone.Build.0 = Debug|Any CPU
		{A3C5D5DD-EA23-46E2-AC28-559A26F0204A}.Debug|iPhoneSimulator.ActiveCfg = Debug|Any CPU
		{A3C5D5DD-EA23-46E2-AC28-559A26F0204A}.Debug|iPhoneSimulator.Build.0 = Debug|Any CPU
		{A3C5D5DD-EA23-46E2-AC28-559A26F0204A}.Debug|x64.ActiveCfg = Debug|Any CPU
		{A3C5D5DD-EA23-46E2-AC28-559A26F0204A}.Debug|x64.Build.0 = Debug|Any CPU
		{A3C5D5DD-EA23-46E2-AC28-559A26F0204A}.Debug|x86.ActiveCfg = Debug|Any CPU
		{A3C5D5DD-EA23-46E2-AC28-559A26F0204A}.Debug|x86.Build.0 = Debug|Any CPU
		{A3C5D5DD-EA23-46E2-AC28-559A26F0204A}.Release|Any CPU.ActiveCfg = Release|Any CPU
		{A3C5D5DD-EA23-46E2-AC28-559A26F0204A}.Release|Any CPU.Build.0 = Release|Any CPU
		{A3C5D5DD-EA23-46E2-AC28-559A26F0204A}.Release|ARM.ActiveCfg = Release|Any CPU
		{A3C5D5DD-EA23-46E2-AC28-559A26F0204A}.Release|ARM.Build.0 = Release|Any CPU
		{A3C5D5DD-EA23-46E2-AC28-559A26F0204A}.Release|iPhone.ActiveCfg = Release|Any CPU
		{A3C5D5DD-EA23-46E2-AC28-559A26F0204A}.Release|iPhone.Build.0 = Release|Any CPU
		{A3C5D5DD-EA23-46E2-AC28-559A26F0204A}.Release|iPhoneSimulator.ActiveCfg = Release|Any CPU
		{A3C5D5DD-EA23-46E2-AC28-559A26F0204A}.Release|iPhoneSimulator.Build.0 = Release|Any CPU
		{A3C5D5DD-EA23-46E2-AC28-559A26F0204A}.Release|x64.ActiveCfg = Release|Any CPU
		{A3C5D5DD-EA23-46E2-AC28-559A26F0204A}.Release|x64.Build.0 = Release|Any CPU
		{A3C5D5DD-EA23-46E2-AC28-559A26F0204A}.Release|x86.ActiveCfg = Release|Any CPU
		{A3C5D5DD-EA23-46E2-AC28-559A26F0204A}.Release|x86.Build.0 = Release|Any CPU
		{C389E558-B2B5-4B10-87A0-A4F0B461F7B8}.Debug|Any CPU.ActiveCfg = Debug|Any CPU
		{C389E558-B2B5-4B10-87A0-A4F0B461F7B8}.Debug|Any CPU.Build.0 = Debug|Any CPU
		{C389E558-B2B5-4B10-87A0-A4F0B461F7B8}.Debug|ARM.ActiveCfg = Debug|Any CPU
		{C389E558-B2B5-4B10-87A0-A4F0B461F7B8}.Debug|ARM.Build.0 = Debug|Any CPU
		{C389E558-B2B5-4B10-87A0-A4F0B461F7B8}.Debug|iPhone.ActiveCfg = Debug|Any CPU
		{C389E558-B2B5-4B10-87A0-A4F0B461F7B8}.Debug|iPhone.Build.0 = Debug|Any CPU
		{C389E558-B2B5-4B10-87A0-A4F0B461F7B8}.Debug|iPhoneSimulator.ActiveCfg = Debug|Any CPU
		{C389E558-B2B5-4B10-87A0-A4F0B461F7B8}.Debug|iPhoneSimulator.Build.0 = Debug|Any CPU
		{C389E558-B2B5-4B10-87A0-A4F0B461F7B8}.Debug|x64.ActiveCfg = Debug|Any CPU
		{C389E558-B2B5-4B10-87A0-A4F0B461F7B8}.Debug|x64.Build.0 = Debug|Any CPU
		{C389E558-B2B5-4B10-87A0-A4F0B461F7B8}.Debug|x86.ActiveCfg = Debug|Any CPU
		{C389E558-B2B5-4B10-87A0-A4F0B461F7B8}.Debug|x86.Build.0 = Debug|Any CPU
		{C389E558-B2B5-4B10-87A0-A4F0B461F7B8}.Release|Any CPU.ActiveCfg = Release|Any CPU
		{C389E558-B2B5-4B10-87A0-A4F0B461F7B8}.Release|Any CPU.Build.0 = Release|Any CPU
		{C389E558-B2B5-4B10-87A0-A4F0B461F7B8}.Release|ARM.ActiveCfg = Release|Any CPU
		{C389E558-B2B5-4B10-87A0-A4F0B461F7B8}.Release|ARM.Build.0 = Release|Any CPU
		{C389E558-B2B5-4B10-87A0-A4F0B461F7B8}.Release|iPhone.ActiveCfg = Release|Any CPU
		{C389E558-B2B5-4B10-87A0-A4F0B461F7B8}.Release|iPhone.Build.0 = Release|Any CPU
		{C389E558-B2B5-4B10-87A0-A4F0B461F7B8}.Release|iPhoneSimulator.ActiveCfg = Release|Any CPU
		{C389E558-B2B5-4B10-87A0-A4F0B461F7B8}.Release|iPhoneSimulator.Build.0 = Release|Any CPU
		{C389E558-B2B5-4B10-87A0-A4F0B461F7B8}.Release|x64.ActiveCfg = Release|Any CPU
		{C389E558-B2B5-4B10-87A0-A4F0B461F7B8}.Release|x64.Build.0 = Release|Any CPU
		{C389E558-B2B5-4B10-87A0-A4F0B461F7B8}.Release|x86.ActiveCfg = Release|Any CPU
		{C389E558-B2B5-4B10-87A0-A4F0B461F7B8}.Release|x86.Build.0 = Release|Any CPU
		{E98153DE-E969-4498-BCC3-18EDBE0C49E3}.Debug|Any CPU.ActiveCfg = Debug|Any CPU
		{E98153DE-E969-4498-BCC3-18EDBE0C49E3}.Debug|Any CPU.Build.0 = Debug|Any CPU
		{E98153DE-E969-4498-BCC3-18EDBE0C49E3}.Debug|ARM.ActiveCfg = Debug|Any CPU
		{E98153DE-E969-4498-BCC3-18EDBE0C49E3}.Debug|ARM.Build.0 = Debug|Any CPU
		{E98153DE-E969-4498-BCC3-18EDBE0C49E3}.Debug|iPhone.ActiveCfg = Debug|Any CPU
		{E98153DE-E969-4498-BCC3-18EDBE0C49E3}.Debug|iPhone.Build.0 = Debug|Any CPU
		{E98153DE-E969-4498-BCC3-18EDBE0C49E3}.Debug|iPhoneSimulator.ActiveCfg = Debug|Any CPU
		{E98153DE-E969-4498-BCC3-18EDBE0C49E3}.Debug|iPhoneSimulator.Build.0 = Debug|Any CPU
		{E98153DE-E969-4498-BCC3-18EDBE0C49E3}.Debug|x64.ActiveCfg = Debug|Any CPU
		{E98153DE-E969-4498-BCC3-18EDBE0C49E3}.Debug|x64.Build.0 = Debug|Any CPU
		{E98153DE-E969-4498-BCC3-18EDBE0C49E3}.Debug|x86.ActiveCfg = Debug|Any CPU
		{E98153DE-E969-4498-BCC3-18EDBE0C49E3}.Debug|x86.Build.0 = Debug|Any CPU
		{E98153DE-E969-4498-BCC3-18EDBE0C49E3}.Release|Any CPU.ActiveCfg = Release|Any CPU
		{E98153DE-E969-4498-BCC3-18EDBE0C49E3}.Release|Any CPU.Build.0 = Release|Any CPU
		{E98153DE-E969-4498-BCC3-18EDBE0C49E3}.Release|ARM.ActiveCfg = Release|Any CPU
		{E98153DE-E969-4498-BCC3-18EDBE0C49E3}.Release|ARM.Build.0 = Release|Any CPU
		{E98153DE-E969-4498-BCC3-18EDBE0C49E3}.Release|iPhone.ActiveCfg = Release|Any CPU
		{E98153DE-E969-4498-BCC3-18EDBE0C49E3}.Release|iPhone.Build.0 = Release|Any CPU
		{E98153DE-E969-4498-BCC3-18EDBE0C49E3}.Release|iPhoneSimulator.ActiveCfg = Release|Any CPU
		{E98153DE-E969-4498-BCC3-18EDBE0C49E3}.Release|iPhoneSimulator.Build.0 = Release|Any CPU
		{E98153DE-E969-4498-BCC3-18EDBE0C49E3}.Release|x64.ActiveCfg = Release|Any CPU
		{E98153DE-E969-4498-BCC3-18EDBE0C49E3}.Release|x64.Build.0 = Release|Any CPU
		{E98153DE-E969-4498-BCC3-18EDBE0C49E3}.Release|x86.ActiveCfg = Release|Any CPU
		{E98153DE-E969-4498-BCC3-18EDBE0C49E3}.Release|x86.Build.0 = Release|Any CPU
	EndGlobalSection
	GlobalSection(SolutionProperties) = preSolution
		HideSolutionNode = FALSE
	EndGlobalSection
	GlobalSection(ExtensibilityGlobals) = postSolution
		SolutionGuid = {7ECD2E9E-BF61-4DE1-BF6F-8C8C18AFA8E3}
	EndGlobalSection
EndGlobal
